github.com/aymanbagabas/go-osc52/v2 v2.0.1 h1:HwpRHbFMcZLEVr42D4p7XBqjyuxQH5SMiErDT4WkJ2k=
github.com/aymanbagabas/go-osc52/v2 v2.0.1/go.mod h1:uYgXzlJ7ZpABp8OJ+exZzJJhRNQ2ASbcXHWsFqH8hp8=
github.com/charmbracelet/bubbletea v1.3.10 h1:otUDHWMMzQSB0Pkc87rm691KZ3SWa4KUlvF9nRvCICw=
github.com/charmbracelet/bubbletea v1.3.10/go.mod h1:ORQfo0fk8U+po9VaNvnV95UPWA1BitP1E0N6xJPlHr4=
github.com/charmbracelet/colorprofile v0.2.3-0.20250311203215-f60798e515dc h1:4pZI35227imm7yK2bGPcfpFEmuY1gc2YSTShr4iJBfs=
github.com/charmbracelet/colorprofile v0.2.3-0.20250311203215-f60798e515dc/go.mod h1:X4/0JoqgTIPSFcRA/P6INZzIuyqdFY5rm8tb41s9okk=
github.com/charmbracelet/lipgloss v1.1.0 h1:vYXsiLHVkK7fp74RkV7b2kq9+zDLoEU4MZoFqR/noCY=
github.com/charmbracelet/lipgloss v1.1.0/go.mod h1:/6Q8FR2o+kj8rz4Dq0zQc3vYf7X+B0binUUBwA0aL30=
github.com/charmbracelet/x/ansi v0.10.1 h1:rL3Koar5XvX0pHGfovN03f5cxLbCF2YvLeyz7D2jVDQ=
github.com/charmbracelet/x/ansi v0.10.1/go.mod h1:3RQDQ6lDnROptfpWuUVIUG64bD2g2BgntdxH0Ya5TeE=
github.com/charmbracelet/x/cellbuf v0.0.13-0.20250311204145-2c3ea96c31dd h1:vy0GVL4jeHEwG5YOXDmi86oYw2yuYUGqz6a8sLwg0X8=
github.com/charmbracelet/x/cellbuf v0.0.13-0.20250311204145-2c3ea96c31dd/go.mod h1:xe0nKWGd3eJgtqZRaN9RjMtK7xUYchjzPr7q6kcvCCs=
github.com/charmbracelet/x/term v0.2.1 h1:AQeHeLZ1OqSXhrAWpYUtZyX1T3zVxfpZuEQMIQaGIAQ=
github.com/charmbracelet/x/term v0.2.1/go.mod h1:oQ4enTYFV7QN4m0i9mzHrViD7TQKvNEEkHUMCmsxdUg=
github.com/cpuguy83/go-md2man/v2 v2.0.6/go.mod h1:oOW0eioCTA6cOiMLiUPZOpcVxMig6NIQQ7OS05n1F4g=
github.com/creack/pty v1.1.21 h1:1/QdRyBaHHJP61QkWMXlOIBfsgdDeeKfK8SYVUWJKf0=
github.com/creack/pty v1.1.21/go.mod h1:MOBLtS5ELjhRRrroQr9kyvTxUAFNvYEK993ew/Vr4O4=
github.com/davecgh/go-spew v1.1.0/go.mod h1:J7Y8YcW2NihsgmVo/mv3lAwl/skON4iLHjSsI+c5H38=
github.com/davecgh/go-spew v1.1.1 h1:vj9j/u1bqnvCEfJOwUhtlOARqs3+rkHYY13jYWTU97c=
github.com/davecgh/go-spew v1.1.1/go.mod h1:J7Y8YcW2NihsgmVo/mv3lAwl/skON4iLHjSsI+c5H38=
github.com/dlclark/regexp2 v1.10.0 h1:+/GIL799phkJqYW+3YbOd8LCcbHzT0Pbo8zl70MHsq0=
github.com/dlclark/regexp2 v1.10.0/go.mod h1:DHkYz0B9wPfa6wondMfaivmHpzrQ3v9q8cnmRbL6yW8=
github.com/dslipak/pdf v0.0.2 h1:djAvcM5neg9Ush+zR6QXB+VMJzR6TdnX766HPIg1JmI=
github.com/dslipak/pdf v0.0.2/go.mod h1:2L3SnkI9cQwnAS9gfPz2iUoLC0rUZwbucpbKi5R1mUo=
github.com/dustin/go-humanize v1.0.1 h1:GzkhY7T5VNhEkwH0PVJgjz+fX1rhBrR7pRT3mDkpeCY=
github.com/dustin/go-humanize v1.0.1/go.mod h1:Mu1zIs6XwVuF/gI1OepvI0qD18qycQx+mFykh5fBlto=
github.com/erikgeiser/coninput v0.0.0-20211004153227-1c3628e74d0f h1:Y/CXytFA4m6baUTXGLOoWe4PQhGxaX0KpnayAqC48p4=
github.com/erikgeiser/coninput v0.0.0-20211004153227-1c3628e74d0f/go.mod h1:vw97MGsxSvLiUE2X8qFplwetxpGLQrlU1Q9AUEIzCaM=
github.com/frankban/quicktest v1.14.6 h1:7Xjx+VpznH+oBnejlPUj8oUpdxnVs4f8XU8WnHkI4W8=
github.com/frankban/quicktest v1.14.6/go.mod h1:4ptaffx2x8+WTWXmUCuVU6aPUX1/Mz7zb5vbUoiM6w0=
github.com/fsnotify/fsnotify v1.8.0 h1:dAwr6QBTBZIkG8roQaJjGof0pp0EeF+tNV7YBP3F/8M=
github.com/fsnotify/fsnotify v1.8.0/go.mod h1:8jBTzvmWwFyi3Pb8djgCCO5IBqzKJ/Jwo8TRcHyHii0=
github.com/go-openapi/jsonpointer v0.22.1 h1:sHYI1He3b9NqJ4wXLoJDKmUmHkWy/L7rtEo92JUxBNk=
github.com/go-openapi/jsonpointer v0.22.1/go.mod h1:pQT9OsLkfz1yWoMgYFy4x3U5GY5nUlsOn1qSBH5MkCM=
github.com/go-openapi/jsonreference v0.21.2 h1:Wxjda4M/BBQllegefXrY/9aq1fxBA8sI5M/lFU6tSWU=
github.com/go-openapi/jsonreference v0.21.2/go.mod h1:pp3PEjIsJ9CZDGCNOyXIQxsNuroxm8FAJ/+quA0yKzQ=
github.com/go-openapi/spec v0.22.0 h1:xT/EsX4frL3U09QviRIZXvkh80yibxQmtoEvyqug0Tw=
github.com/go-openapi/spec v0.22.0/go.mod h1:K0FhKxkez8YNS94XzF8YKEMULbFrRw4m15i2YUht4L0=
github.com/go-openapi/swag/conv v0.25.1 h1:+9o8YUg6QuqqBM5X6rYL/p1dpWeZRhoIt9x7CCP+he0=
github.com/go-openapi/swag/conv v0.25.1/go.mod h1:Z1mFEGPfyIKPu0806khI3zF+/EUXde+fdeksUl2NiDs=
github.com/go-openapi/swag/jsonname v0.25.1 h1:Sgx+qbwa4ej6AomWC6pEfXrA6uP2RkaNjA9BR8a1RJU=
github.com/go-openapi/swag/jsonname v0.25.1/go.mod h1:71Tekow6UOLBD3wS7XhdT98g5J5GR13NOTQ9/6Q11Zo=
github.com/go-openapi/swag/jsonutils v0.25.1 h1:AihLHaD0brrkJoMqEZOBNzTLnk81Kg9cWr+SPtxtgl8=
github.com/go-openapi/swag/jsonutils v0.25.1/go.mod h1:JpEkAjxQXpiaHmRO04N1zE4qbUEg3b7Udll7AMGTNOo=
github.com/go-openapi/swag/jsonutils/fixtures_test v0.25.1 h1:DSQGcdB6G0N9c/KhtpYc71PzzGEIc/fZ1no35x4/XBY=
github.com/go-openapi/swag/jsonutils/fixtures_test v0.25.1/go.mod h1:kjmweouyPwRUEYMSrbAidoLMGeJ5p6zdHi9BgZiqmsg=
github.com/go-openapi/swag/loading v0.25.1 h1:6OruqzjWoJyanZOim58iG2vj934TysYVptyaoXS24kw=
github.com/go-openapi/swag/loading v0.25.1/go.mod h1:xoIe2EG32NOYYbqxvXgPzne989bWvSNoWoyQVWEZicc=
github.com/go-openapi/swag/stringutils v0.25.1 h1:Xasqgjvk30eUe8VKdmyzKtjkVjeiXx1Iz0zDfMNpPbw=
github.com/go-openapi/swag/stringutils v0.25.1/go.mod h1:JLdSAq5169HaiDUbTvArA2yQxmgn4D6h4A+4HqVvAYg=
github.com/go-openapi/swag/typeutils v0.25.1 h1:rD/9HsEQieewNt6/k+JBwkxuAHktFtH3I3ysiFZqukA=
github.com/go-openapi/swag/typeutils v0.25.1/go.mod h1:9McMC/oCdS4BKwk2shEB7x17P6HmMmA6dQRtAkSnNb8=
github.com/go-openapi/swag/yamlutils v0.25.1 h1:mry5ez8joJwzvMbaTGLhw8pXUnhDK91oSJLDPF1bmGk=
github.com/go-openapi/swag/yamlutils v0.25.1/go.mod h1:cm9ywbzncy3y6uPm/97ysW8+wZ09qsks+9RS8fLWKqg=
github.com/go-viper/mapstructure/v2 v2.2.1 h1:ZAaOCxANMuZx5RCeg0mBdEZk7DZasvvZIxtHqx8aGss=
github.com/go-viper/mapstructure/v2 v2.2.1/go.mod h1:oJDH3BJKyqBA2TXFhDsKDGDTlndYOZ6rGS0BRZIxGhM=
github.com/golang-jwt/jwt/v5 v5.2.2 h1:Rl4B7itRWVtYIHFrSNd7vhTiz9UpLdi6gZhZ3wEeDy8=
github.com/golang-jwt/jwt/v5 v5.2.2/go.mod h1:pqrtFR0X4osieyHYxtmOUWsAWrfe1Q5UVIyoH402zdk=
github.com/google/go-cmp v0.7.0 h1:wk8382ETsv4JYUZwIsn6YpYiWiBsYLSJiTsyBybVuN8=
github.com/google/go-cmp v0.7.0/go.mod h1:pXiqmnSA92OHEEa9HXL2W4E7lf9JzCmGVUdgjX3N/iU=
github.com/google/jsonschema-go v0.4.2 h1:tmrUohrwoLZZS/P3x7ex0WAVknEkBZM46iALbcqoRA8=
github.com/google/jsonschema-go v0.4.2/go.mod h1:r5quNTdLOYEz95Ru18zA0ydNbBuYoo9tgaYcxEYhJVE=
github.com/google/pprof v0.0.0-20250317173921-a4b03ec1a45e h1:ijClszYn+mADRFY17kjQEVQ1XRhq2/JR1M3sGqeJoxs=
github.com/google/pprof v0.0.0-20250317173921-a4b03ec1a45e/go.mod h1:boTsfXsheKC2y+lKOCMpSfarhxDeIzfZG1jqGcPl3cA=
github.com/google/uuid v1.6.0 h1:NIvaJDMOsjHA8n1jAhLSgzrAzy1Hgr+hNrb57e+94F0=
github.com/google/uuid v1.6.0/go.mod h1:TIyPZe4MgqvfeYDBFedMoGGpEw/LqOeaOT+nhxU+yHo=
github.com/inconshreveable/mousetrap v1.1.0 h1:wN+x4NVGpMsO7ErUn/mUI3vEoE6Jt13X2s0bqwp9tc8=
github.com/inconshreveable/mousetrap v1.1.0/go.mod h1:vpF70FUmC8bwa3OWnCshd2FqLfsEA9PFc4w1p2J65bw=
github.com/kr/pretty v0.3.1 h1:flRD4NNwYAUpkphVc1HcthR4KEIFJ65n8Mw5qdRn3LE=
github.com/kr/pretty v0.3.1/go.mod h1:hoEshYVHaxMs3cyo3Yncou5ZscifuDolrwPKZanG3xk=
github.com/kr/text v0.2.0 h1:5Nx0Ya0ZqY2ygV366QzturHI13Jq95ApcVaJBhpS+AY=
github.com/kr/text v0.2.0/go.mod h1:eLer722TekiGuMkidMxC/pM04lWEeraHUUmBw8l2grE=
github.com/liliang-cn/mcp-swagger-server v0.4.0 h1:vgcUvQp+ped++O1+hQz29oWtXiHE+QrC3wjeQvyT50o=
github.com/liliang-cn/mcp-swagger-server v0.4.0/go.mod h1:/ulyr2I9rj9LFAY4mdT875hewZGYgMi08uNKBa203Ew=
github.com/liliang-cn/pipeit v0.1.0 h1:ZU5hkL5SXr6vHtn/gcJBX9i55l0HM4rVsYTfxqn5M34=
github.com/liliang-cn/pipeit v0.1.0/go.mod h1:ghxqa1CKTztR5me4vl8srIYQhfv89tc37SnocoXv4/E=
github.com/liliang-cn/skills-go v1.1.0 h1:HsQsNOSM25O05XnpED+Q6Ojl5WaUSXTaGFimk9aN1Hk=
github.com/liliang-cn/skills-go v1.1.0/go.mod h1:xOJlzYFFvI/4Ks7FigZMA62hJa+LMcqh0mN/CKSaG5E=
github.com/liliang-cn/sqvect/v2 v2.6.0 h1:UeraB6/mA78FBc9SrO3BJb72KCDTuMm8vKWoCaEUMl0=
github.com/liliang-cn/sqvect/v2 v2.6.0/go.mod h1:o9ggd+dVYJuJottS+HDaw7X/47PMk9OPkdKYl9xdmnA=
github.com/lucasb-eyer/go-colorful v1.2.0 h1:1nnpGOrhyZZuNyfu1QjKiUICQ74+3FNCN69Aj6K7nkY=
github.com/lucasb-eyer/go-colorful v1.2.0/go.mod h1:R4dSotOR9KMtayYi1e77YzuveK+i7ruzyGqttikkLy0=
github.com/mattn/go-isatty v0.0.20 h1:xfD0iDuEKnDkl03q4limB+vH+GxLEtL/jb4xVJSWWEY=
github.com/mattn/go-isatty v0.0.20/go.mod h1:W+V8PltTTMOvKvAeJH7IuucS94S2C6jfK/D7dTCTo3Y=
github.com/mattn/go-localereader v0.0.1 h1:ygSAOl7ZXTx4RdPYinUpg6W99U8jWvWi9Ye2JC/oIi4=
github.com/mattn/go-localereader v0.0.1/go.mod h1:8fBrzywKY7BI3czFoHkuzRoWE9C+EiG4R1k4Cjx5p88=
github.com/mattn/go-runewidth v0.0.16 h1:E5ScNMtiwvlvB5paMFdw9p4kSQzbXFikJ5SQO6TULQc=
github.com/mattn/go-runewidth v0.0.16/go.mod h1:Jdepj2loyihRzMpdS35Xk/zdY8IAYHsh153qUoGf23w=
github.com/mattn/go-sqlite3 v1.14.32 h1:JD12Ag3oLy1zQA+BNn74xRgaBbdhbNIDYvQUEuuErjs=
github.com/mattn/go-sqlite3 v1.14.32/go.mod h1:Uh1q+B4BYcTPb+yiD3kU8Ct7aC0hY9fxUwlHK0RXw+Y=
github.com/modelcontextprotocol/go-sdk v1.3.0-pre.1 h1:O46v3OkDc2c8bUMRgEEY3buUR6mrwfwk78sncUdDz9o=
github.com/modelcontextprotocol/go-sdk v1.3.0-pre.1/go.mod h1:AnQ//Qc6+4nIyyrB4cxBU7UW9VibK4iOZBeyP/rF1IE=
github.com/muesli/ansi v0.0.0-20230316100256-276c6243b2f6 h1:ZK8zHtRHOkbHy6Mmr5D264iyp3TiX5OmNcI5cIARiQI=
github.com/muesli/ansi v0.0.0-20230316100256-276c6243b2f6/go.mod h1:CJlz5H+gyd6CUWT45Oy4q24RdLyn7Md9Vj2/ldJBSIo=
github.com/muesli/cancelreader v0.2.2 h1:3I4Kt4BQjOR54NavqnDogx/MIoWBFa0StPA8ELUXHmA=
github.com/muesli/cancelreader v0.2.2/go.mod h1:3XuTXfFS2VjM+HTLZY9Ak0l6eUKfijIfMUZ4EgX0QYo=
github.com/muesli/termenv v0.16.0 h1:S5AlUN9dENB57rsbnkPyfdGuWIlkmzJjbFf0Tf5FWUc=
github.com/muesli/termenv v0.16.0/go.mod h1:ZRfOIKPFDYQoDFF4Olj7/QJbW60Ol/kL1pU3VfY/Cnk=
github.com/ncruces/go-strftime v0.1.9 h1:bY0MQC28UADQmHmaF5dgpLmImcShSi2kHU9XLdhx/f4=
github.com/ncruces/go-strftime v0.1.9/go.mod h1:Fwc5htZGVVkseilnfgOVb9mKy6w1naJmn9CehxcKcls=
github.com/openai/openai-go/v3 v3.17.0 h1:CfTkmQoItolSyW+bHOUF190KuX5+1Zv6MC0Gb4wAwy8=
github.com/openai/openai-go/v3 v3.17.0/go.mod h1:cdufnVK14cWcT9qA1rRtrXx4FTRsgbDPW7Ia7SS5cZo=
github.com/pelletier/go-toml/v2 v2.2.3 h1:YmeHyLY8mFWbdkNWwpr+qIL2bEqT0o95WSdkNHvL12M=
github.com/pelletier/go-toml/v2 v2.2.3/go.mod h1:MfCQTFTvCcUyyvvwm1+G6H/jORL20Xlb6rzQu9GuUkc=
github.com/pkoukk/tiktoken-go v0.1.8 h1:85ENo+3FpWgAACBaEUVp+lctuTcYUO7BtmfhlN/QTRo=
github.com/pkoukk/tiktoken-go v0.1.8/go.mod h1:9NiV+i9mJKGj1rYOT+njbv+ZwA/zJxYdewGl6qVatpg=
github.com/pmezard/go-difflib v1.0.0 h1:4DBwDE0NGyQoBHbLQYPwSUPoCMWR5BEzIk/f1lZbAQM=
github.com/pmezard/go-difflib v1.0.0/go.mod h1:iKH77koFhYxTK1pcRnkKkqfTogsbg7gZNVY4sRDYZ/4=
github.com/qdrant/go-client v1.15.2 h1:3NSyxpHrfQTP6JLDAwqNUShz6V9tuRBKz0G7hSOxrac=
github.com/qdrant/go-client v1.15.2/go.mod h1:iO8ts78jL4x6LDHFOViyYWELVtIBDTjOykBmiOTHLnQ=
github.com/remyoudompheng/bigfft v0.0.0-20230129092748-24d4a6f8daec h1:W09IVJc94icq4NjY3clb7Lk8O1qJ8BdBEF8z0ibU0rE=
github.com/remyoudompheng/bigfft v0.0.0-20230129092748-24d4a6f8daec/go.mod h1:qqbHyh8v60DhA7CoWK5oRCqLrMHRGoxYCSS9EjAz6Eo=
github.com/rivo/uniseg v0.2.0/go.mod h1:J6wj4VEh+S6ZtnVlnTBMWIodfgj8LQOQFoIToxlJtxc=
github.com/rivo/uniseg v0.4.7 h1:WUdvkW8uEhrYfLC4ZzdpI2ztxP1I582+49Oc5Mq64VQ=
github.com/rivo/uniseg v0.4.7/go.mod h1:FN3SvrM+Zdj16jyLfmOkMNblXMcoc8DfTHruCPUcx88=
github.com/robfig/cron/v3 v3.0.1 h1:WdRxkvbJztn8LMz/QEvLN5sBU+xKpSqwwUO1Pjr4qDs=
github.com/robfig/cron/v3 v3.0.1/go.mod h1:eQICP3HwyT7UooqI/z+Ov+PtYAWygg1TEWWzGIFLtro=
github.com/rogpeppe/go-internal v1.11.0 h1:cWPaGQEPrBb5/AsnsZesgZZ9yb1OQ+GOISoDNXVBh4M=
github.com/rogpeppe/go-internal v1.11.0/go.mod h1:ddIwULY96R17DhadqLgMfk9H9tvdUzkipdSkR5nkCZA=
github.com/russross/blackfriday/v2 v2.1.0/go.mod h1:+Rmxgy9KzJVeS9/2gXHxylqXiyQDYRxCVz55jmeOWTM=
github.com/sagikazarmark/locafero v0.7.0 h1:5MqpDsTGNDhY8sGp0Aowyf0qKsPrhewaLSsFaodPcyo=
github.com/sagikazarmark/locafero v0.7.0/go.mod h1:2za3Cg5rMaTMoG/2Ulr9AwtFaIppKXTRYnozin4aB5k=
github.com/sourcegraph/conc v0.3.0 h1:OQTbbt6P72L20UqAkXXuLOj79LfEanQ+YQFNpLA9ySo=
github.com/sourcegraph/conc v0.3.0/go.mod h1:Sdozi7LEKbFPqYX2/J+iBAM6HpqSLTASQIKqDmF7Mt0=
github.com/spf13/afero v1.12.0 h1:UcOPyRBYczmFn6yvphxkn9ZEOY65cpwGKb5mL36mrqs=
github.com/spf13/afero v1.12.0/go.mod h1:ZTlWwG4/ahT8W7T0WQ5uYmjI9duaLQGy3Q2OAl4sk/4=
github.com/spf13/cast v1.7.1 h1:cuNEagBQEHWN1FnbGEjCXL2szYEXqfJPbP2HNUaca9Y=
github.com/spf13/cast v1.7.1/go.mod h1:ancEpBxwJDODSW/UG4rDrAqiKolqNNh2DX3mk86cAdo=
github.com/spf13/cobra v1.9.1 h1:CXSaggrXdbHK9CF+8ywj8Amf7PBRmPCOJugH954Nnlo=
github.com/spf13/cobra v1.9.1/go.mod h1:nDyEzZ8ogv936Cinf6g1RU9MRY64Ir93oCnqb9wxYW0=
github.com/spf13/pflag v1.0.6 h1:jFzHGLGAlb3ruxLB8MhbI6A8+AQX/2eW4qeyNZXNp2o=
github.com/spf13/pflag v1.0.6/go.mod h1:McXfInJRrz4CZXVZOBLb0bTZqETkiAhM9Iw0y3An2Bg=
github.com/spf13/viper v1.20.1 h1:ZMi+z/lvLyPSCoNtFCpqjy0S4kPbirhpTMwl8BkW9X4=
github.com/spf13/viper v1.20.1/go.mod h1:P9Mdzt1zoHIG8m2eZQinpiBjo6kCmZSKBClNNqjJvu4=
github.com/stretchr/objx v0.1.0/go.mod h1:HFkY916IF+rwdDfMAkV7OtwuqBVzrE8GR6GFx+wExME=
github.com/stretchr/objx v0.5.2 h1:xuMeJ0Sdp5ZMRXx/aWO6RZxdr3beISkG5/G/aIRr3pY=
github.com/stretchr/objx v0.5.2/go.mod h1:FRsXN1f5AsAjCGJKqEizvkpNtU+EGNCLh3NxZ/8L+MA=
github.com/stretchr/testify v1.3.0/go.mod h1:M5WIy9Dh21IEIfnGCwXGc5bZfKNJtfHm1UVUgZn+9EI=
github.com/stretchr/testify v1.11.1 h1:7s2iGBzp5EwR7/aIZr8ao5+dra3wiQyKjjFuvgVKu7U=
github.com/stretchr/testify v1.11.1/go.mod h1:wZwfW3scLgRK+23gO65QZefKpKQRnfz6sD981Nm4B6U=
github.com/subosito/gotenv v1.6.0 h1:9NlTDc1FTs4qu0DDq7AEtTPNw6SVm7uBMsUCUjABIf8=
github.com/subosito/gotenv v1.6.0/go.mod h1:Dk4QP5c2W3ibzajGcXpNraDfq2IrhjMIvMSWPKKo0FU=
github.com/tidwall/gjson v1.14.2/go.mod h1:/wbyibRr2FHMks5tjHJ5F8dMZh3AcwJEMf5vlfC0lxk=
github.com/tidwall/gjson v1.18.0 h1:FIDeeyB800efLX89e5a8Y0BNH+LOngJyGrIWxG2FKQY=
github.com/tidwall/gjson v1.18.0/go.mod h1:/wbyibRr2FHMks5tjHJ5F8dMZh3AcwJEMf5vlfC0lxk=
github.com/tidwall/match v1.1.1 h1:+Ho715JplO36QYgwN9PGYNhgZvoUSc9X2c80KVTi+GA=
github.com/tidwall/match v1.1.1/go.mod h1:eRSPERbgtNPcGhD8UCthc6PmLEQXEWd3PRB5JTxsfmM=
github.com/tidwall/pretty v1.2.0/go.mod h1:ITEVvHYasfjBbM0u2Pg8T2nJnzm8xPwvNhhsoaGGjNU=
github.com/tidwall/pretty v1.2.1 h1:qjsOFOWWQl+N3RsoF5/ssm1pHmJJwhjlSbZ51I6wMl4=
github.com/tidwall/pretty v1.2.1/go.mod h1:ITEVvHYasfjBbM0u2Pg8T2nJnzm8xPwvNhhsoaGGjNU=
github.com/tidwall/sjson v1.2.5 h1:kLy8mja+1c9jlljvWTlSazM7cKDRfJuR/bOJhcY5NcY=
github.com/tidwall/sjson v1.2.5/go.mod h1:Fvgq9kS/6ociJEDnK0Fk1cpYF4FIW6ZF7LAe+6jwd28=
github.com/xo/terminfo v0.0.0-20220910002029-abceb7e1c41e h1:JVG44RsyaB9T2KIHavMF/ppJZNG9ZpyihvCd0w101no=
github.com/xo/terminfo v0.0.0-20220910002029-abceb7e1c41e/go.mod h1:RbqR21r5mrJuqunuUZ/Dhy/avygyECGrLceyNeo4LiM=
github.com/yosida95/uritemplate/v3 v3.0.2 h1:Ed3Oyj9yrmi9087+NczuL5BwkIc4wvTb5zIM+UJPGz4=
github.com/yosida95/uritemplate/v3 v3.0.2/go.mod h1:ILOh0sOhIJR3+L/8afwt/kE++YT040gmv5BQTMR2HP4=
go.uber.org/atomic v1.9.0 h1:ECmE8Bn/WFTYwEW/bpKD3M8VtR/zQVbavAoalC1PYyE=
go.uber.org/atomic v1.9.0/go.mod h1:fEN4uk6kAWBTFdckzkM89CLk9XfWZrxpCo0nPH17wJc=
go.uber.org/multierr v1.9.0 h1:7fIwc/ZtS0q++VgcfqFDxSBZVv/Xo49/SYnDFupUwlI=
go.uber.org/multierr v1.9.0/go.mod h1:X2jQV1h+kxSjClGpnseKVIxpmcjrj7MNnI0bnlfKTVQ=
go.yaml.in/yaml/v3 v3.0.4 h1:tfq32ie2Jv2UxXFdLJdh3jXuOzWiL1fo0bu/FbuKpbc=
go.yaml.in/yaml/v3 v3.0.4/go.mod h1:DhzuOOF2ATzADvBadXxruRBLzYTpT36CKvDb3+aBEFg=
golang.org/x/exp v0.0.0-20250620022241-b7579e27df2b h1:M2rDM6z3Fhozi9O7NWsxAkg/yqS/lQJ6PmkyIV3YP+o=
golang.org/x/exp v0.0.0-20250620022241-b7579e27df2b/go.mod h1:3//PLf8L/X+8b4vuAfHzxeRUl04Adcb341+IGKfnqS8=
golang.org/x/mod v0.33.0 h1:tHFzIWbBifEmbwtGz65eaWyGiGZatSrT9prnU8DbVL8=
golang.org/x/mod v0.33.0/go.mod h1:swjeQEj+6r7fODbD2cqrnje9PnziFuw4bmLbBZFrQ5w=
golang.org/x/net v0.44.0 h1:evd8IRDyfNBMBTTY5XRF1vaZlD+EmWx6x8PkhR04H/I=
golang.org/x/net v0.44.0/go.mod h1:ECOoLqd5U3Lhyeyo/QDCEVQ4sNgYsqvCZ722XogGieY=
golang.org/x/oauth2 v0.30.0 h1:dnDm7JmhM45NNpd8FDDeLhK6FwqbOf4MLCM9zb1BOHI=
golang.org/x/oauth2 v0.30.0/go.mod h1:B++QgG3ZKulg6sRPGD/mqlHQs5rB3Ml9erfeDY7xKlU=
golang.org/x/sync v0.19.0 h1:vV+1eWNmZ5geRlYjzm2adRgW2/mcpevXNg50YZtPCE4=
golang.org/x/sync v0.19.0/go.mod h1:9KTHXmSnoGruLpwFjVSX0lNNA75CykiMECbovNTZqGI=
golang.org/x/sys v0.0.0-20210809222454-d867a43fc93e/go.mod h1:oPkhp1MJrh7nUepCBck5+mAzfO9JrbApNNgaTdGDITg=
golang.org/x/sys v0.6.0/go.mod h1:oPkhp1MJrh7nUepCBck5+mAzfO9JrbApNNgaTdGDITg=
golang.org/x/sys v0.41.0 h1:Ivj+2Cp/ylzLiEU89QhWblYnOE9zerudt9Ftecq2C6k=
golang.org/x/sys v0.41.0/go.mod h1:OgkHotnGiDImocRcuBABYBEXf8A9a87e/uXjp9XT3ks=
golang.org/x/text v0.29.0 h1:1neNs90w9YzJ9BocxfsQNHKuAT4pkghyXc4nhZ6sJvk=
golang.org/x/text v0.29.0/go.mod h1:7MhJOA9CD2qZyOKYazxdYMF85OwPdEr9jTtBpO7ydH4=
golang.org/x/tools v0.42.0 h1:uNgphsn75Tdz5Ji2q36v/nsFSfR/9BRFvqhGBaJGd5k=
golang.org/x/tools v0.42.0/go.mod h1:Ma6lCIwGZvHK6XtgbswSoWroEkhugApmsXyrUmBhfr0=
google.golang.org/genproto/googleapis/rpc v0.0.0-20250922171735-9219d122eba9 h1:V1jCN2HBa8sySkR5vLcCSqJSTMv093Rw9EJefhQGP7M=
google.golang.org/genproto/googleapis/rpc v0.0.0-20250922171735-9219d122eba9/go.mod h1:HSkG/KdJWusxU1F6CNrwNDjBMgisKxGnc5dAZfT0mjQ=
google.golang.org/grpc v1.67.3 h1:OgPcDAFKHnH8X3O4WcO4XUc8GRDeKsKReqbQtiCj7N8=
google.golang.org/grpc v1.67.3/go.mod h1:YGaHCc6Oap+FzBJTZLBzkGSYt/cvGPFTPxkn7QfSU8s=
google.golang.org/protobuf v1.36.9 h1:w2gp2mA27hUeUzj9Ex9FBjsBm40zfaDtEWow293U7Iw=
google.golang.org/protobuf v1.36.9/go.mod h1:fuxRtAxBytpl4zzqUh6/eyUujkJdNiuEkXntxiD/uRU=
gopkg.in/check.v1 v0.0.0-20161208181325-20d25e280405/go.mod h1:Co6ibVJAznAaIkqp8huTwlJQCZ016jof/cbN4VW5Yz0=
gopkg.in/check.v1 v1.0.0-20201130134442-10cb98267c6c h1:Hei/4ADfdWqJk1ZMxUNpqntNwaWcugrBjAiHlqqRiVk=
gopkg.in/check.v1 v1.0.0-20201130134442-10cb98267c6c/go.mod h1:JHkPIbrfpd72SG/EVd6muEfDQjcINNoR0C8j2r3qZ4Q=
gopkg.in/yaml.v3 v3.0.1 h1:fxVm/GzAzEWqLHuvctI91KS9hhNmmWOoWu0XTYJS7CA=
gopkg.in/yaml.v3 v3.0.1/go.mod h1:K4uyk7z7BCEPqu6E+C64Yfv1cQ7kz7rIZviUmN+EgEM=
modernc.org/cc/v4 v4.26.2 h1:991HMkLjJzYBIfha6ECZdjrIYz2/1ayr+FL8GN+CNzM=
modernc.org/cc/v4 v4.26.2/go.mod h1:uVtb5OGqUKpoLWhqwNQo/8LwvoiEBLvZXIQ/SmO6mL0=
modernc.org/ccgo/v4 v4.28.0 h1:rjznn6WWehKq7dG4JtLRKxb52Ecv8OUGah8+Z/SfpNU=
modernc.org/ccgo/v4 v4.28.0/go.mod h1:JygV3+9AV6SmPhDasu4JgquwU81XAKLd3OKTUDNOiKE=
modernc.org/fileutil v1.3.8 h1:qtzNm7ED75pd1C7WgAGcK4edm4fvhtBsEiI/0NQ54YM=
modernc.org/fileutil v1.3.8/go.mod h1:HxmghZSZVAz/LXcMNwZPA/DRrQZEVP9VX0V4LQGQFOc=
modernc.org/gc/v2 v2.6.5 h1:nyqdV8q46KvTpZlsw66kWqwXRHdjIlJOhG6kxiV/9xI=
modernc.org/gc/v2 v2.6.5/go.mod h1:YgIahr1ypgfe7chRuJi2gD7DBQiKSLMPgBQe9oIiito=
modernc.org/goabi0 v0.2.0 h1:HvEowk7LxcPd0eq6mVOAEMai46V+i7Jrj13t4AzuNks=
modernc.org/goabi0 v0.2.0/go.mod h1:CEFRnnJhKvWT1c1JTI3Avm+tgOWbkOu5oPA8eH8LnMI=
modernc.org/libc v1.66.3 h1:cfCbjTUcdsKyyZZfEUKfoHcP3S0Wkvz3jgSzByEWVCQ=
modernc.org/libc v1.66.3/go.mod h1:XD9zO8kt59cANKvHPXpx7yS2ELPheAey0vjIuZOhOU8=
modernc.org/mathutil v1.7.1 h1:GCZVGXdaN8gTqB1Mf/usp1Y/hSqgI2vAGGP4jZMCxOU=
modernc.org/mathutil v1.7.1/go.mod h1:4p5IwJITfppl0G4sUEDtCr4DthTaT47/N3aT6MhfgJg=
modernc.org/memory v1.11.0 h1:o4QC8aMQzmcwCK3t3Ux/ZHmwFPzE6hf2Y5LbkRs+hbI=
modernc.org/memory v1.11.0/go.mod h1:/JP4VbVC+K5sU2wZi9bHoq2MAkCnrt2r98UGeSK7Mjw=
modernc.org/opt v0.1.4 h1:2kNGMRiUjrp4LcaPuLY2PzUfqM/w9N23quVwhKt5Qm8=
modernc.org/opt v0.1.4/go.mod h1:03fq9lsNfvkYSfxrfUhZCWPk1lm4cq4N+Bh//bEtgns=
modernc.org/sortutil v1.2.1 h1:+xyoGf15mM3NMlPDnFqrteY07klSFxLElE2PVuWIJ7w=
modernc.org/sortutil v1.2.1/go.mod h1:7ZI3a3REbai7gzCLcotuw9AC4VZVpYMjDzETGsSMqJE=
modernc.org/sqlite v1.38.2 h1:Aclu7+tgjgcQVShZqim41Bbw9Cho0y/7WzYptXqkEek=
modernc.org/sqlite v1.38.2/go.mod h1:cPTJYSlgg3Sfg046yBShXENNtPrWrDX8bsbAQBzgQ5E=
modernc.org/strutil v1.2.1 h1:UneZBkQA+DX2Rp35KcM69cSsNES9ly8mQWD71HKlOA0=
modernc.org/strutil v1.2.1/go.mod h1:EHkiggD70koQxjVdSBM3JKM7k6L0FbGE5eymy9i3B9A=
modernc.org/token v1.1.0 h1:Xl7Ap9dKaEs5kLoOQeQmPWevfnk/DM5qcLcYlA8ys6Y=
modernc.org/token v1.1.0/go.mod h1:UGzOrNV1mAFSEB63lOFHIpNRUVMvYTc6yu1SMY/XTDM=
